
Microsoft Visual Studio Solution File, Format Version 12.00
# Visual Studio Version 17
VisualStudioVersion = 17.0.31903.59
MinimumVisualStudioVersion = 10.0.40219.1
Project("{FAE04EC0-301F-11D3-BF4B-00C04F79EFBC}") = "backend.Host", "backend.Host\backend.Host.csproj", "{5A076D20-10A1-499F-98DA-26C7D72BF895}"
EndProject
Project("{2150E333-8FDC-42A3-9474-1A3956D46DE8}") = "Modules", "Modules", "{7D4C3D21-94FA-4ACF-A762-0AE2DCDC1F7A}"
EndProject
Project("{2150E333-8FDC-42A3-9474-1A3956D46DE8}") = "Common", "Common", "{D9527158-7A0C-40B3-8A47-93C815FF4E40}"
EndProject
Project("{FAE04EC0-301F-11D3-BF4B-00C04F79EFBC}") = "Modules.Common.Features", "Modules\Common\Modules.Common.Features\Modules.Common.Features.csproj", "{4FFB0E9A-1B32-46DA-9FCD-A8D0A3A1CAF0}"
EndProject
Project("{2150E333-8FDC-42A3-9474-1A3956D46DE8}") = "Identity", "Identity", "{EA0C4C05-A2AC-4FA2-B8EA-E06E02008458}"
	ProjectSection(SolutionItems) = preProject
		Modules\Identity\README.md = Modules\Identity\README.md
	EndProjectSection
EndProject
Project("{FAE04EC0-301F-11D3-BF4B-00C04F79EFBC}") = "Modules.Identity.Domain", "Modules\Identity\Modules.Identity.Domain\Modules.Identity.Domain.csproj", "{274453FA-80C7-4B49-9B96-3856DFF698B3}"
EndProject
Project("{FAE04EC0-301F-11D3-BF4B-00C04F79EFBC}") = "Modules.Identity.Features", "Modules\Identity\Modules.Identity.Features\Modules.Identity.Features.csproj", "{D11A9BD5-4F93-430B-ADC0-48D7D35BFD3A}"
EndProject
Project("{FAE04EC0-301F-11D3-BF4B-00C04F79EFBC}") = "Modules.Identity.Infrastructure", "Modules\Identity\Modules.Identity.Infrastructure\Modules.Identity.Infrastructure.csproj", "{4B0EBE87-5B7B-4C40-9825-AB4FB944FE86}"
EndProject
Project("{FAE04EC0-301F-11D3-BF4B-00C04F79EFBC}") = "Modules.Identity.PublicApi", "Modules\Identity\Modules.Identity.PublicApi\Modules.Identity.PublicApi.csproj", "{7A131540-D719-4136-AE03-326055E78F75}"
EndProject
Project("{2150E333-8FDC-42A3-9474-1A3956D46DE8}") = "Patients", "Patients", "{F6B5E455-F904-4A72-9F3C-362DEA64D937}"
EndProject
Project("{FAE04EC0-301F-11D3-BF4B-00C04F79EFBC}") = "Modules.Patients.Domain", "Modules\Patients\Modules.Patients.Domain\Modules.Patients.Domain.csproj", "{80EADE4C-ACBA-45B1-8D4E-A12774C09DE5}"
EndProject
Project("{FAE04EC0-301F-11D3-BF4B-00C04F79EFBC}") = "Modules.Patients.Features", "Modules\Patients\Modules.Patients.Features\Modules.Patients.Features.csproj", "{DA9F665A-9F87-4DFC-83C1-845ED8696840}"
EndProject
Project("{FAE04EC0-301F-11D3-BF4B-00C04F79EFBC}") = "Modules.Patients.Infrastructure", "Modules\Patients\Modules.Patients.Infrastructure\Modules.Patients.Infrastructure.csproj", "{6481AC7B-39F4-4066-883E-F79FF9C7F446}"
EndProject
Project("{FAE04EC0-301F-11D3-BF4B-00C04F79EFBC}") = "Modules.Patients.PublicApi", "Modules\Patients\Modules.Patients.PublicApi\Modules.Patients.PublicApi.csproj", "{C8E41213-410B-44E8-A766-449AFCB4D204}"
EndProject
Project("{2150E333-8FDC-42A3-9474-1A3956D46DE8}") = "Professionals", "Professionals", "{DD544EF4-A430-4361-A42F-17C3DD49EB5A}"
EndProject
Project("{FAE04EC0-301F-11D3-BF4B-00C04F79EFBC}") = "Modules.Professionals.Domain", "Modules\Professionals\Modules.Professionals.Domain\Modules.Professionals.Domain.csproj", "{2D5BCF3A-5D2E-409B-B7B4-AD23A7FAB4A2}"
EndProject
Project("{FAE04EC0-301F-11D3-BF4B-00C04F79EFBC}") = "Modules.Professionals.Features", "Modules\Professionals\Modules.Professionals.Features\Modules.Professionals.Features.csproj", "{9EA8CC7E-E6E4-4D99-AD8A-0FC0E2F483A2}"
EndProject
Project("{FAE04EC0-301F-11D3-BF4B-00C04F79EFBC}") = "Modules.Professionals.Infrastructure", "Modules\Professionals\Modules.Professionals.Infrastructure\Modules.Professionals.Infrastructure.csproj", "{EB68C355-9974-4C66-9B23-808384D5BFF4}"
EndProject
Project("{FAE04EC0-301F-11D3-BF4B-00C04F79EFBC}") = "Modules.Professionals.PublicApi", "Modules\Professionals\Modules.Professionals.PublicApi\Modules.Professionals.PublicApi.csproj", "{75C100CD-4556-455B-940E-64FDC5CFB7D4}"
EndProject
Project("{2150E333-8FDC-42A3-9474-1A3956D46DE8}") = "Appointments", "Appointments", "{DF598FB8-743B-4E42-BB38-74389EED712F}"
EndProject
Project("{FAE04EC0-301F-11D3-BF4B-00C04F79EFBC}") = "Modules.Appointments.Domain", "Modules\Appointments\Modules.Appointments.Domain\Modules.Appointments.Domain.csproj", "{6D347FF8-7649-4C86-8AE8-A92F70C2EB68}"
EndProject
Project("{FAE04EC0-301F-11D3-BF4B-00C04F79EFBC}") = "Modules.Appointments.Features", "Modules\Appointments\Modules.Appointments.Features\Modules.Appointments.Features.csproj", "{3855A733-6A0E-4059-BBEC-B6A0C8A5F459}"
EndProject
Project("{FAE04EC0-301F-11D3-BF4B-00C04F79EFBC}") = "Modules.Appointments.Infrastructure", "Modules\Appointments\Modules.Appointments.Infrastructure\Modules.Appointments.Infrastructure.csproj", "{E7090068-2AF7-4B22-8E2B-D65A4AC88091}"
EndProject
Project("{FAE04EC0-301F-11D3-BF4B-00C04F79EFBC}") = "Modules.Appointments.PublicApi", "Modules\Appointments\Modules.Appointments.PublicApi\Modules.Appointments.PublicApi.csproj", "{F54C6F1F-B17C-47FB-978D-AC03EB623852}"
EndProject
Project("{2150E333-8FDC-42A3-9474-1A3956D46DE8}") = "Dispatch", "Dispatch", "{7CA8D125-CA40-447B-BA05-9C4D39CAEF19}"
EndProject
Project("{FAE04EC0-301F-11D3-BF4B-00C04F79EFBC}") = "Modules.Dispatch.Domain", "Modules\Dispatch\Modules.Dispatch.Domain\Modules.Dispatch.Domain.csproj", "{3FEC5060-D124-4C88-9D52-185FF837BBFE}"
EndProject
Project("{FAE04EC0-301F-11D3-BF4B-00C04F79EFBC}") = "Modules.Dispatch.Features", "Modules\Dispatch\Modules.Dispatch.Features\Modules.Dispatch.Features.csproj", "{EE551B52-A2F7-41B2-98B7-1BF50703A76B}"
EndProject
Project("{FAE04EC0-301F-11D3-BF4B-00C04F79EFBC}") = "Modules.Dispatch.Infrastructure", "Modules\Dispatch\Modules.Dispatch.Infrastructure\Modules.Dispatch.Infrastructure.csproj", "{8E37402C-B738-4BA4-A6B3-FA1F31BEF3E8}"
EndProject
Project("{FAE04EC0-301F-11D3-BF4B-00C04F79EFBC}") = "Modules.Dispatch.PublicApi", "Modules\Dispatch\Modules.Dispatch.PublicApi\Modules.Dispatch.PublicApi.csproj", "{8FAEFF6A-57E9-4B97-8466-83A48D7E63DD}"
EndProject
Project("{2150E333-8FDC-42A3-9474-1A3956D46DE8}") = "Messaging", "Messaging", "{16B7BE06-DE84-49D6-AA36-55265DCE6284}"
EndProject
Project("{FAE04EC0-301F-11D3-BF4B-00C04F79EFBC}") = "Modules.Messaging.Domain", "Modules\Messaging\Modules.Messaging.Domain\Modules.Messaging.Domain.csproj", "{96E3BE10-3346-4EFE-BC85-F1F05F30C7BC}"
EndProject
Project("{FAE04EC0-301F-11D3-BF4B-00C04F79EFBC}") = "Modules.Messaging.Features", "Modules\Messaging\Modules.Messaging.Features\Modules.Messaging.Features.csproj", "{372473AC-F31E-4CF3-A54D-84AEE873A24C}"
EndProject
Project("{FAE04EC0-301F-11D3-BF4B-00C04F79EFBC}") = "Modules.Messaging.Infrastructure", "Modules\Messaging\Modules.Messaging.Infrastructure\Modules.Messaging.Infrastructure.csproj", "{04AF88FD-E018-4CD3-B3F3-00B2ED9B46DF}"
EndProject
Project("{FAE04EC0-301F-11D3-BF4B-00C04F79EFBC}") = "Modules.Messaging.PublicApi", "Modules\Messaging\Modules.Messaging.PublicApi\Modules.Messaging.PublicApi.csproj", "{2C59D780-1663-4A62-A42F-B4B87C2AD554}"
EndProject
Project("{2150E333-8FDC-42A3-9474-1A3956D46DE8}") = "Payments", "Payments", "{702865C3-A0A9-4869-9520-3B4543D5EED9}"
EndProject
Project("{FAE04EC0-301F-11D3-BF4B-00C04F79EFBC}") = "Modules.Payments.Domain", "Modules\Payments\Modules.Payments.Domain\Modules.Payments.Domain.csproj", "{B5ACA7BB-CFD4-4669-966E-90740C9FD688}"
EndProject
Project("{FAE04EC0-301F-11D3-BF4B-00C04F79EFBC}") = "Modules.Payments.Features", "Modules\Payments\Modules.Payments.Features\Modules.Payments.Features.csproj", "{1DF95614-D3F4-439E-8D99-97728EA12EED}"
EndProject
Project("{FAE04EC0-301F-11D3-BF4B-00C04F79EFBC}") = "Modules.Payments.Infrastructure", "Modules\Payments\Modules.Payments.Infrastructure\Modules.Payments.Infrastructure.csproj", "{20FD2164-C7A8-450E-B66F-11CA83E246E5}"
EndProject
Project("{FAE04EC0-301F-11D3-BF4B-00C04F79EFBC}") = "Modules.Payments.PublicApi", "Modules\Payments\Modules.Payments.PublicApi\Modules.Payments.PublicApi.csproj", "{193F2C64-170A-4382-ABE6-B11B2BC30309}"
EndProject
Project("{2150E333-8FDC-42A3-9474-1A3956D46DE8}") = "Reviews", "Reviews", "{6021AD2F-4D00-401E-A136-F08B082CA616}"
EndProject
Project("{FAE04EC0-301F-11D3-BF4B-00C04F79EFBC}") = "Modules.Reviews.Domain", "Modules\Reviews\Modules.Reviews.Domain\Modules.Reviews.Domain.csproj", "{75029279-F676-4E4B-A17A-69A0E8D9CA74}"
EndProject
Project("{FAE04EC0-301F-11D3-BF4B-00C04F79EFBC}") = "Modules.Reviews.Features", "Modules\Reviews\Modules.Reviews.Features\Modules.Reviews.Features.csproj", "{96D9DDBA-90EA-46A3-B2A8-119516623DE4}"
EndProject
Project("{FAE04EC0-301F-11D3-BF4B-00C04F79EFBC}") = "Modules.Reviews.Infrastructure", "Modules\Reviews\Modules.Reviews.Infrastructure\Modules.Reviews.Infrastructure.csproj", "{05568979-F394-48CD-B03E-B3C1F256DCD6}"
EndProject
Project("{FAE04EC0-301F-11D3-BF4B-00C04F79EFBC}") = "Modules.Reviews.PublicApi", "Modules\Reviews\Modules.Reviews.PublicApi\Modules.Reviews.PublicApi.csproj", "{263C6E55-34E0-4855-B796-E09E4CCF2894}"
EndProject
Project("{2150E333-8FDC-42A3-9474-1A3956D46DE8}") = "Notifications", "Notifications", "{F836B630-1ED4-4FB9-8D65-C831EE74D840}"
EndProject
Project("{FAE04EC0-301F-11D3-BF4B-00C04F79EFBC}") = "Modules.Notifications.Domain", "Modules\Notifications\Modules.Notifications.Domain\Modules.Notifications.Domain.csproj", "{8B74BF1C-42CD-4EF7-AD6B-CE586C319047}"
EndProject
Project("{FAE04EC0-301F-11D3-BF4B-00C04F79EFBC}") = "Modules.Notifications.Features", "Modules\Notifications\Modules.Notifications.Features\Modules.Notifications.Features.csproj", "{E743C8E7-4230-4EB5-A1C8-0DFB615BEF28}"
EndProject
Project("{FAE04EC0-301F-11D3-BF4B-00C04F79EFBC}") = "Modules.Notifications.Infrastructure", "Modules\Notifications\Modules.Notifications.Infrastructure\Modules.Notifications.Infrastructure.csproj", "{EB209266-EC7D-4ECC-95A2-5F7BB0E9B82F}"
EndProject
Project("{FAE04EC0-301F-11D3-BF4B-00C04F79EFBC}") = "Modules.Notifications.PublicApi", "Modules\Notifications\Modules.Notifications.PublicApi\Modules.Notifications.PublicApi.csproj", "{8EF39020-4166-4B54-870A-F6104303D714}"
EndProject
Project("{2150E333-8FDC-42A3-9474-1A3956D46DE8}") = "Administration", "Administration", "{3D95DB8E-26D6-4C11-989E-6B9454C1C287}"
EndProject
Project("{FAE04EC0-301F-11D3-BF4B-00C04F79EFBC}") = "Modules.Administration.Domain", "Modules\Administration\Modules.Administration.Domain\Modules.Administration.Domain.csproj", "{567B4F5C-1CE1-4AAB-B2DA-9B711A61368C}"
EndProject
Project("{FAE04EC0-301F-11D3-BF4B-00C04F79EFBC}") = "Modules.Administration.Features", "Modules\Administration\Modules.Administration.Features\Modules.Administration.Features.csproj", "{E15223A4-DE10-4060-A527-CE681A02D868}"
EndProject
Project("{FAE04EC0-301F-11D3-BF4B-00C04F79EFBC}") = "Modules.Administration.Infrastructure", "Modules\Administration\Modules.Administration.Infrastructure\Modules.Administration.Infrastructure.csproj", "{B9E61F0B-AA8D-4D01-91BF-E2BE58DDD89D}"
EndProject
Project("{FAE04EC0-301F-11D3-BF4B-00C04F79EFBC}") = "Modules.Administration.PublicApi", "Modules\Administration\Modules.Administration.PublicApi\Modules.Administration.PublicApi.csproj", "{BE25C292-1CF4-438C-9621-ACAA0F720185}"
EndProject
Project("{FAE04EC0-301F-11D3-BF4B-00C04F79EFBC}") = "Modules.Common.Infrastructure", "Modules\Common\Modules.Common.Infrastructure\Modules.Common.Infrastructure.csproj", "{3DEEBCEE-CFDB-4CBF-AD26-946605BDDAFF}"
EndProject
Global
	GlobalSection(SolutionConfigurationPlatforms) = preSolution
		Debug|Any CPU = Debug|Any CPU
		Release|Any CPU = Release|Any CPU
	EndGlobalSection
	GlobalSection(SolutionProperties) = preSolution
		HideSolutionNode = FALSE
	EndGlobalSection
	GlobalSection(ProjectConfigurationPlatforms) = postSolution
		{5A076D20-10A1-499F-98DA-26C7D72BF895}.Debug|Any CPU.ActiveCfg = Debug|Any CPU
		{5A076D20-10A1-499F-98DA-26C7D72BF895}.Debug|Any CPU.Build.0 = Debug|Any CPU
		{5A076D20-10A1-499F-98DA-26C7D72BF895}.Release|Any CPU.ActiveCfg = Release|Any CPU
		{5A076D20-10A1-499F-98DA-26C7D72BF895}.Release|Any CPU.Build.0 = Release|Any CPU
		{4FFB0E9A-1B32-46DA-9FCD-A8D0A3A1CAF0}.Debug|Any CPU.ActiveCfg = Debug|Any CPU
		{4FFB0E9A-1B32-46DA-9FCD-A8D0A3A1CAF0}.Debug|Any CPU.Build.0 = Debug|Any CPU
		{4FFB0E9A-1B32-46DA-9FCD-A8D0A3A1CAF0}.Release|Any CPU.ActiveCfg = Release|Any CPU
		{4FFB0E9A-1B32-46DA-9FCD-A8D0A3A1CAF0}.Release|Any CPU.Build.0 = Release|Any CPU
		{274453FA-80C7-4B49-9B96-3856DFF698B3}.Debug|Any CPU.ActiveCfg = Debug|Any CPU
		{274453FA-80C7-4B49-9B96-3856DFF698B3}.Debug|Any CPU.Build.0 = Debug|Any CPU
		{274453FA-80C7-4B49-9B96-3856DFF698B3}.Release|Any CPU.ActiveCfg = Release|Any CPU
		{274453FA-80C7-4B49-9B96-3856DFF698B3}.Release|Any CPU.Build.0 = Release|Any CPU
		{D11A9BD5-4F93-430B-ADC0-48D7D35BFD3A}.Debug|Any CPU.ActiveCfg = Debug|Any CPU
		{D11A9BD5-4F93-430B-ADC0-48D7D35BFD3A}.Debug|Any CPU.Build.0 = Debug|Any CPU
		{D11A9BD5-4F93-430B-ADC0-48D7D35BFD3A}.Release|Any CPU.ActiveCfg = Release|Any CPU
		{D11A9BD5-4F93-430B-ADC0-48D7D35BFD3A}.Release|Any CPU.Build.0 = Release|Any CPU
		{4B0EBE87-5B7B-4C40-9825-AB4FB944FE86}.Debug|Any CPU.ActiveCfg = Debug|Any CPU
		{4B0EBE87-5B7B-4C40-9825-AB4FB944FE86}.Debug|Any CPU.Build.0 = Debug|Any CPU
		{4B0EBE87-5B7B-4C40-9825-AB4FB944FE86}.Release|Any CPU.ActiveCfg = Release|Any CPU
		{4B0EBE87-5B7B-4C40-9825-AB4FB944FE86}.Release|Any CPU.Build.0 = Release|Any CPU
		{7A131540-D719-4136-AE03-326055E78F75}.Debug|Any CPU.ActiveCfg = Debug|Any CPU
		{7A131540-D719-4136-AE03-326055E78F75}.Debug|Any CPU.Build.0 = Debug|Any CPU
		{7A131540-D719-4136-AE03-326055E78F75}.Release|Any CPU.ActiveCfg = Release|Any CPU
		{7A131540-D719-4136-AE03-326055E78F75}.Release|Any CPU.Build.0 = Release|Any CPU
		{80EADE4C-ACBA-45B1-8D4E-A12774C09DE5}.Debug|Any CPU.ActiveCfg = Debug|Any CPU
		{80EADE4C-ACBA-45B1-8D4E-A12774C09DE5}.Debug|Any CPU.Build.0 = Debug|Any CPU
		{80EADE4C-ACBA-45B1-8D4E-A12774C09DE5}.Release|Any CPU.ActiveCfg = Release|Any CPU
		{80EADE4C-ACBA-45B1-8D4E-A12774C09DE5}.Release|Any CPU.Build.0 = Release|Any CPU
		{DA9F665A-9F87-4DFC-83C1-845ED8696840}.Debug|Any CPU.ActiveCfg = Debug|Any CPU
		{DA9F665A-9F87-4DFC-83C1-845ED8696840}.Debug|Any CPU.Build.0 = Debug|Any CPU
		{DA9F665A-9F87-4DFC-83C1-845ED8696840}.Release|Any CPU.ActiveCfg = Release|Any CPU
		{DA9F665A-9F87-4DFC-83C1-845ED8696840}.Release|Any CPU.Build.0 = Release|Any CPU
		{6481AC7B-39F4-4066-883E-F79FF9C7F446}.Debug|Any CPU.ActiveCfg = Debug|Any CPU
		{6481AC7B-39F4-4066-883E-F79FF9C7F446}.Debug|Any CPU.Build.0 = Debug|Any CPU
		{6481AC7B-39F4-4066-883E-F79FF9C7F446}.Release|Any CPU.ActiveCfg = Release|Any CPU
		{6481AC7B-39F4-4066-883E-F79FF9C7F446}.Release|Any CPU.Build.0 = Release|Any CPU
		{C8E41213-410B-44E8-A766-449AFCB4D204}.Debug|Any CPU.ActiveCfg = Debug|Any CPU
		{C8E41213-410B-44E8-A766-449AFCB4D204}.Debug|Any CPU.Build.0 = Debug|Any CPU
		{C8E41213-410B-44E8-A766-449AFCB4D204}.Release|Any CPU.ActiveCfg = Release|Any CPU
		{C8E41213-410B-44E8-A766-449AFCB4D204}.Release|Any CPU.Build.0 = Release|Any CPU
		{2D5BCF3A-5D2E-409B-B7B4-AD23A7FAB4A2}.Debug|Any CPU.ActiveCfg = Debug|Any CPU
		{2D5BCF3A-5D2E-409B-B7B4-AD23A7FAB4A2}.Debug|Any CPU.Build.0 = Debug|Any CPU
		{2D5BCF3A-5D2E-409B-B7B4-AD23A7FAB4A2}.Release|Any CPU.ActiveCfg = Release|Any CPU
		{2D5BCF3A-5D2E-409B-B7B4-AD23A7FAB4A2}.Release|Any CPU.Build.0 = Release|Any CPU
		{9EA8CC7E-E6E4-4D99-AD8A-0FC0E2F483A2}.Debug|Any CPU.ActiveCfg = Debug|Any CPU
		{9EA8CC7E-E6E4-4D99-AD8A-0FC0E2F483A2}.Debug|Any CPU.Build.0 = Debug|Any CPU
		{9EA8CC7E-E6E4-4D99-AD8A-0FC0E2F483A2}.Release|Any CPU.ActiveCfg = Release|Any CPU
		{9EA8CC7E-E6E4-4D99-AD8A-0FC0E2F483A2}.Release|Any CPU.Build.0 = Release|Any CPU
		{EB68C355-9974-4C66-9B23-808384D5BFF4}.Debug|Any CPU.ActiveCfg = Debug|Any CPU
		{EB68C355-9974-4C66-9B23-808384D5BFF4}.Debug|Any CPU.Build.0 = Debug|Any CPU
		{EB68C355-9974-4C66-9B23-808384D5BFF4}.Release|Any CPU.ActiveCfg = Release|Any CPU
		{EB68C355-9974-4C66-9B23-808384D5BFF4}.Release|Any CPU.Build.0 = Release|Any CPU
		{75C100CD-4556-455B-940E-64FDC5CFB7D4}.Debug|Any CPU.ActiveCfg = Debug|Any CPU
		{75C100CD-4556-455B-940E-64FDC5CFB7D4}.Debug|Any CPU.Build.0 = Debug|Any CPU
		{75C100CD-4556-455B-940E-64FDC5CFB7D4}.Release|Any CPU.ActiveCfg = Release|Any CPU
		{75C100CD-4556-455B-940E-64FDC5CFB7D4}.Release|Any CPU.Build.0 = Release|Any CPU
		{6D347FF8-7649-4C86-8AE8-A92F70C2EB68}.Debug|Any CPU.ActiveCfg = Debug|Any CPU
		{6D347FF8-7649-4C86-8AE8-A92F70C2EB68}.Debug|Any CPU.Build.0 = Debug|Any CPU
		{6D347FF8-7649-4C86-8AE8-A92F70C2EB68}.Release|Any CPU.ActiveCfg = Release|Any CPU
		{6D347FF8-7649-4C86-8AE8-A92F70C2EB68}.Release|Any CPU.Build.0 = Release|Any CPU
		{3855A733-6A0E-4059-BBEC-B6A0C8A5F459}.Debug|Any CPU.ActiveCfg = Debug|Any CPU
		{3855A733-6A0E-4059-BBEC-B6A0C8A5F459}.Debug|Any CPU.Build.0 = Debug|Any CPU
		{3855A733-6A0E-4059-BBEC-B6A0C8A5F459}.Release|Any CPU.ActiveCfg = Release|Any CPU
		{3855A733-6A0E-4059-BBEC-B6A0C8A5F459}.Release|Any CPU.Build.0 = Release|Any CPU
		{E7090068-2AF7-4B22-8E2B-D65A4AC88091}.Debug|Any CPU.ActiveCfg = Debug|Any CPU
		{E7090068-2AF7-4B22-8E2B-D65A4AC88091}.Debug|Any CPU.Build.0 = Debug|Any CPU
		{E7090068-2AF7-4B22-8E2B-D65A4AC88091}.Release|Any CPU.ActiveCfg = Release|Any CPU
		{E7090068-2AF7-4B22-8E2B-D65A4AC88091}.Release|Any CPU.Build.0 = Release|Any CPU
		{F54C6F1F-B17C-47FB-978D-AC03EB623852}.Debug|Any CPU.ActiveCfg = Debug|Any CPU
		{F54C6F1F-B17C-47FB-978D-AC03EB623852}.Debug|Any CPU.Build.0 = Debug|Any CPU
		{F54C6F1F-B17C-47FB-978D-AC03EB623852}.Release|Any CPU.ActiveCfg = Release|Any CPU
		{F54C6F1F-B17C-47FB-978D-AC03EB623852}.Release|Any CPU.Build.0 = Release|Any CPU
		{3FEC5060-D124-4C88-9D52-185FF837BBFE}.Debug|Any CPU.ActiveCfg = Debug|Any CPU
		{3FEC5060-D124-4C88-9D52-185FF837BBFE}.Debug|Any CPU.Build.0 = Debug|Any CPU
		{3FEC5060-D124-4C88-9D52-185FF837BBFE}.Release|Any CPU.ActiveCfg = Release|Any CPU
		{3FEC5060-D124-4C88-9D52-185FF837BBFE}.Release|Any CPU.Build.0 = Release|Any CPU
		{EE551B52-A2F7-41B2-98B7-1BF50703A76B}.Debug|Any CPU.ActiveCfg = Debug|Any CPU
		{EE551B52-A2F7-41B2-98B7-1BF50703A76B}.Debug|Any CPU.Build.0 = Debug|Any CPU
		{EE551B52-A2F7-41B2-98B7-1BF50703A76B}.Release|Any CPU.ActiveCfg = Release|Any CPU
		{EE551B52-A2F7-41B2-98B7-1BF50703A76B}.Release|Any CPU.Build.0 = Release|Any CPU
		{8E37402C-B738-4BA4-A6B3-FA1F31BEF3E8}.Debug|Any CPU.ActiveCfg = Debug|Any CPU
		{8E37402C-B738-4BA4-A6B3-FA1F31BEF3E8}.Debug|Any CPU.Build.0 = Debug|Any CPU
		{8E37402C-B738-4BA4-A6B3-FA1F31BEF3E8}.Release|Any CPU.ActiveCfg = Release|Any CPU
		{8E37402C-B738-4BA4-A6B3-FA1F31BEF3E8}.Release|Any CPU.Build.0 = Release|Any CPU
		{8FAEFF6A-57E9-4B97-8466-83A48D7E63DD}.Debug|Any CPU.ActiveCfg = Debug|Any CPU
		{8FAEFF6A-57E9-4B97-8466-83A48D7E63DD}.Debug|Any CPU.Build.0 = Debug|Any CPU
		{8FAEFF6A-57E9-4B97-8466-83A48D7E63DD}.Release|Any CPU.ActiveCfg = Release|Any CPU
		{8FAEFF6A-57E9-4B97-8466-83A48D7E63DD}.Release|Any CPU.Build.0 = Release|Any CPU
		{96E3BE10-3346-4EFE-BC85-F1F05F30C7BC}.Debug|Any CPU.ActiveCfg = Debug|Any CPU
		{96E3BE10-3346-4EFE-BC85-F1F05F30C7BC}.Debug|Any CPU.Build.0 = Debug|Any CPU
		{96E3BE10-3346-4EFE-BC85-F1F05F30C7BC}.Release|Any CPU.ActiveCfg = Release|Any CPU
		{96E3BE10-3346-4EFE-BC85-F1F05F30C7BC}.Release|Any CPU.Build.0 = Release|Any CPU
		{372473AC-F31E-4CF3-A54D-84AEE873A24C}.Debug|Any CPU.ActiveCfg = Debug|Any CPU
		{372473AC-F31E-4CF3-A54D-84AEE873A24C}.Debug|Any CPU.Build.0 = Debug|Any CPU
		{372473AC-F31E-4CF3-A54D-84AEE873A24C}.Release|Any CPU.ActiveCfg = Release|Any CPU
		{372473AC-F31E-4CF3-A54D-84AEE873A24C}.Release|Any CPU.Build.0 = Release|Any CPU
		{04AF88FD-E018-4CD3-B3F3-00B2ED9B46DF}.Debug|Any CPU.ActiveCfg = Debug|Any CPU
		{04AF88FD-E018-4CD3-B3F3-00B2ED9B46DF}.Debug|Any CPU.Build.0 = Debug|Any CPU
		{04AF88FD-E018-4CD3-B3F3-00B2ED9B46DF}.Release|Any CPU.ActiveCfg = Release|Any CPU
		{04AF88FD-E018-4CD3-B3F3-00B2ED9B46DF}.Release|Any CPU.Build.0 = Release|Any CPU
		{2C59D780-1663-4A62-A42F-B4B87C2AD554}.Debug|Any CPU.ActiveCfg = Debug|Any CPU
		{2C59D780-1663-4A62-A42F-B4B87C2AD554}.Debug|Any CPU.Build.0 = Debug|Any CPU
		{2C59D780-1663-4A62-A42F-B4B87C2AD554}.Release|Any CPU.ActiveCfg = Release|Any CPU
		{2C59D780-1663-4A62-A42F-B4B87C2AD554}.Release|Any CPU.Build.0 = Release|Any CPU
		{B5ACA7BB-CFD4-4669-966E-90740C9FD688}.Debug|Any CPU.ActiveCfg = Debug|Any CPU
		{B5ACA7BB-CFD4-4669-966E-90740C9FD688}.Debug|Any CPU.Build.0 = Debug|Any CPU
		{B5ACA7BB-CFD4-4669-966E-90740C9FD688}.Release|Any CPU.ActiveCfg = Release|Any CPU
		{B5ACA7BB-CFD4-4669-966E-90740C9FD688}.Release|Any CPU.Build.0 = Release|Any CPU
		{1DF95614-D3F4-439E-8D99-97728EA12EED}.Debug|Any CPU.ActiveCfg = Debug|Any CPU
		{1DF95614-D3F4-439E-8D99-97728EA12EED}.Debug|Any CPU.Build.0 = Debug|Any CPU
		{1DF95614-D3F4-439E-8D99-97728EA12EED}.Release|Any CPU.ActiveCfg = Release|Any CPU
		{1DF95614-D3F4-439E-8D99-97728EA12EED}.Release|Any CPU.Build.0 = Release|Any CPU
		{20FD2164-C7A8-450E-B66F-11CA83E246E5}.Debug|Any CPU.ActiveCfg = Debug|Any CPU
		{20FD2164-C7A8-450E-B66F-11CA83E246E5}.Debug|Any CPU.Build.0 = Debug|Any CPU
		{20FD2164-C7A8-450E-B66F-11CA83E246E5}.Release|Any CPU.ActiveCfg = Release|Any CPU
		{20FD2164-C7A8-450E-B66F-11CA83E246E5}.Release|Any CPU.Build.0 = Release|Any CPU
		{193F2C64-170A-4382-ABE6-B11B2BC30309}.Debug|Any CPU.ActiveCfg = Debug|Any CPU
		{193F2C64-170A-4382-ABE6-B11B2BC30309}.Debug|Any CPU.Build.0 = Debug|Any CPU
		{193F2C64-170A-4382-ABE6-B11B2BC30309}.Release|Any CPU.ActiveCfg = Release|Any CPU
		{193F2C64-170A-4382-ABE6-B11B2BC30309}.Release|Any CPU.Build.0 = Release|Any CPU
		{75029279-F676-4E4B-A17A-69A0E8D9CA74}.Debug|Any CPU.ActiveCfg = Debug|Any CPU
		{75029279-F676-4E4B-A17A-69A0E8D9CA74}.Debug|Any CPU.Build.0 = Debug|Any CPU
		{75029279-F676-4E4B-A17A-69A0E8D9CA74}.Release|Any CPU.ActiveCfg = Release|Any CPU
		{75029279-F676-4E4B-A17A-69A0E8D9CA74}.Release|Any CPU.Build.0 = Release|Any CPU
		{96D9DDBA-90EA-46A3-B2A8-119516623DE4}.Debug|Any CPU.ActiveCfg = Debug|Any CPU
		{96D9DDBA-90EA-46A3-B2A8-119516623DE4}.Debug|Any CPU.Build.0 = Debug|Any CPU
		{96D9DDBA-90EA-46A3-B2A8-119516623DE4}.Release|Any CPU.ActiveCfg = Release|Any CPU
		{96D9DDBA-90EA-46A3-B2A8-119516623DE4}.Release|Any CPU.Build.0 = Release|Any CPU
		{05568979-F394-48CD-B03E-B3C1F256DCD6}.Debug|Any CPU.ActiveCfg = Debug|Any CPU
		{05568979-F394-48CD-B03E-B3C1F256DCD6}.Debug|Any CPU.Build.0 = Debug|Any CPU
		{05568979-F394-48CD-B03E-B3C1F256DCD6}.Release|Any CPU.ActiveCfg = Release|Any CPU
		{05568979-F394-48CD-B03E-B3C1F256DCD6}.Release|Any CPU.Build.0 = Release|Any CPU
		{263C6E55-34E0-4855-B796-E09E4CCF2894}.Debug|Any CPU.ActiveCfg = Debug|Any CPU
		{263C6E55-34E0-4855-B796-E09E4CCF2894}.Debug|Any CPU.Build.0 = Debug|Any CPU
		{263C6E55-34E0-4855-B796-E09E4CCF2894}.Release|Any CPU.ActiveCfg = Release|Any CPU
		{263C6E55-34E0-4855-B796-E09E4CCF2894}.Release|Any CPU.Build.0 = Release|Any CPU
		{8B74BF1C-42CD-4EF7-AD6B-CE586C319047}.Debug|Any CPU.ActiveCfg = Debug|Any CPU
		{8B74BF1C-42CD-4EF7-AD6B-CE586C319047}.Debug|Any CPU.Build.0 = Debug|Any CPU
		{8B74BF1C-42CD-4EF7-AD6B-CE586C319047}.Release|Any CPU.ActiveCfg = Release|Any CPU
		{8B74BF1C-42CD-4EF7-AD6B-CE586C319047}.Release|Any CPU.Build.0 = Release|Any CPU
		{E743C8E7-4230-4EB5-A1C8-0DFB615BEF28}.Debug|Any CPU.ActiveCfg = Debug|Any CPU
		{E743C8E7-4230-4EB5-A1C8-0DFB615BEF28}.Debug|Any CPU.Build.0 = Debug|Any CPU
		{E743C8E7-4230-4EB5-A1C8-0DFB615BEF28}.Release|Any CPU.ActiveCfg = Release|Any CPU
		{E743C8E7-4230-4EB5-A1C8-0DFB615BEF28}.Release|Any CPU.Build.0 = Release|Any CPU
		{EB209266-EC7D-4ECC-95A2-5F7BB0E9B82F}.Debug|Any CPU.ActiveCfg = Debug|Any CPU
		{EB209266-EC7D-4ECC-95A2-5F7BB0E9B82F}.Debug|Any CPU.Build.0 = Debug|Any CPU
		{EB209266-EC7D-4ECC-95A2-5F7BB0E9B82F}.Release|Any CPU.ActiveCfg = Release|Any CPU
		{EB209266-EC7D-4ECC-95A2-5F7BB0E9B82F}.Release|Any CPU.Build.0 = Release|Any CPU
		{8EF39020-4166-4B54-870A-F6104303D714}.Debug|Any CPU.ActiveCfg = Debug|Any CPU
		{8EF39020-4166-4B54-870A-F6104303D714}.Debug|Any CPU.Build.0 = Debug|Any CPU
		{8EF39020-4166-4B54-870A-F6104303D714}.Release|Any CPU.ActiveCfg = Release|Any CPU
		{8EF39020-4166-4B54-870A-F6104303D714}.Release|Any CPU.Build.0 = Release|Any CPU
		{567B4F5C-1CE1-4AAB-B2DA-9B711A61368C}.Debug|Any CPU.ActiveCfg = Debug|Any CPU
		{567B4F5C-1CE1-4AAB-B2DA-9B711A61368C}.Debug|Any CPU.Build.0 = Debug|Any CPU
		{567B4F5C-1CE1-4AAB-B2DA-9B711A61368C}.Release|Any CPU.ActiveCfg = Release|Any CPU
		{567B4F5C-1CE1-4AAB-B2DA-9B711A61368C}.Release|Any CPU.Build.0 = Release|Any CPU
		{E15223A4-DE10-4060-A527-CE681A02D868}.Debug|Any CPU.ActiveCfg = Debug|Any CPU
		{E15223A4-DE10-4060-A527-CE681A02D868}.Debug|Any CPU.Build.0 = Debug|Any CPU
		{E15223A4-DE10-4060-A527-CE681A02D868}.Release|Any CPU.ActiveCfg = Release|Any CPU
		{E15223A4-DE10-4060-A527-CE681A02D868}.Release|Any CPU.Build.0 = Release|Any CPU
		{B9E61F0B-AA8D-4D01-91BF-E2BE58DDD89D}.Debug|Any CPU.ActiveCfg = Debug|Any CPU
		{B9E61F0B-AA8D-4D01-91BF-E2BE58DDD89D}.Debug|Any CPU.Build.0 = Debug|Any CPU
		{B9E61F0B-AA8D-4D01-91BF-E2BE58DDD89D}.Release|Any CPU.ActiveCfg = Release|Any CPU
		{B9E61F0B-AA8D-4D01-91BF-E2BE58DDD89D}.Release|Any CPU.Build.0 = Release|Any CPU
		{BE25C292-1CF4-438C-9621-ACAA0F720185}.Debug|Any CPU.ActiveCfg = Debug|Any CPU
		{BE25C292-1CF4-438C-9621-ACAA0F720185}.Debug|Any CPU.Build.0 = Debug|Any CPU
		{BE25C292-1CF4-438C-9621-ACAA0F720185}.Release|Any CPU.ActiveCfg = Release|Any CPU
		{BE25C292-1CF4-438C-9621-ACAA0F720185}.Release|Any CPU.Build.0 = Release|Any CPU
		{3DEEBCEE-CFDB-4CBF-AD26-946605BDDAFF}.Debug|Any CPU.ActiveCfg = Debug|Any CPU
		{3DEEBCEE-CFDB-4CBF-AD26-946605BDDAFF}.Debug|Any CPU.Build.0 = Debug|Any CPU
		{3DEEBCEE-CFDB-4CBF-AD26-946605BDDAFF}.Release|Any CPU.ActiveCfg = Release|Any CPU
		{3DEEBCEE-CFDB-4CBF-AD26-946605BDDAFF}.Release|Any CPU.Build.0 = Release|Any CPU
	EndGlobalSection
	GlobalSection(NestedProjects) = preSolution
		{D9527158-7A0C-40B3-8A47-93C815FF4E40} = {7D4C3D21-94FA-4ACF-A762-0AE2DCDC1F7A}
		{4FFB0E9A-1B32-46DA-9FCD-A8D0A3A1CAF0} = {D9527158-7A0C-40B3-8A47-93C815FF4E40}
		{EA0C4C05-A2AC-4FA2-B8EA-E06E02008458} = {7D4C3D21-94FA-4ACF-A762-0AE2DCDC1F7A}
		{274453FA-80C7-4B49-9B96-3856DFF698B3} = {EA0C4C05-A2AC-4FA2-B8EA-E06E02008458}
		{D11A9BD5-4F93-430B-ADC0-48D7D35BFD3A} = {EA0C4C05-A2AC-4FA2-B8EA-E06E02008458}
		{4B0EBE87-5B7B-4C40-9825-AB4FB944FE86} = {EA0C4C05-A2AC-4FA2-B8EA-E06E02008458}
		{7A131540-D719-4136-AE03-326055E78F75} = {EA0C4C05-A2AC-4FA2-B8EA-E06E02008458}
		{F6B5E455-F904-4A72-9F3C-362DEA64D937} = {7D4C3D21-94FA-4ACF-A762-0AE2DCDC1F7A}
		{80EADE4C-ACBA-45B1-8D4E-A12774C09DE5} = {F6B5E455-F904-4A72-9F3C-362DEA64D937}
		{DA9F665A-9F87-4DFC-83C1-845ED8696840} = {F6B5E455-F904-4A72-9F3C-362DEA64D937}
		{6481AC7B-39F4-4066-883E-F79FF9C7F446} = {F6B5E455-F904-4A72-9F3C-362DEA64D937}
		{C8E41213-410B-44E8-A766-449AFCB4D204} = {F6B5E455-F904-4A72-9F3C-362DEA64D937}
		{DD544EF4-A430-4361-A42F-17C3DD49EB5A} = {7D4C3D21-94FA-4ACF-A762-0AE2DCDC1F7A}
		{2D5BCF3A-5D2E-409B-B7B4-AD23A7FAB4A2} = {DD544EF4-A430-4361-A42F-17C3DD49EB5A}
		{9EA8CC7E-E6E4-4D99-AD8A-0FC0E2F483A2} = {DD544EF4-A430-4361-A42F-17C3DD49EB5A}
		{EB68C355-9974-4C66-9B23-808384D5BFF4} = {DD544EF4-A430-4361-A42F-17C3DD49EB5A}
		{75C100CD-4556-455B-940E-64FDC5CFB7D4} = {DD544EF4-A430-4361-A42F-17C3DD49EB5A}
		{DF598FB8-743B-4E42-BB38-74389EED712F} = {7D4C3D21-94FA-4ACF-A762-0AE2DCDC1F7A}
		{6D347FF8-7649-4C86-8AE8-A92F70C2EB68} = {DF598FB8-743B-4E42-BB38-74389EED712F}
		{3855A733-6A0E-4059-BBEC-B6A0C8A5F459} = {DF598FB8-743B-4E42-BB38-74389EED712F}
		{E7090068-2AF7-4B22-8E2B-D65A4AC88091} = {DF598FB8-743B-4E42-BB38-74389EED712F}
		{F54C6F1F-B17C-47FB-978D-AC03EB623852} = {DF598FB8-743B-4E42-BB38-74389EED712F}
		{7CA8D125-CA40-447B-BA05-9C4D39CAEF19} = {7D4C3D21-94FA-4ACF-A762-0AE2DCDC1F7A}
		{3FEC5060-D124-4C88-9D52-185FF837BBFE} = {7CA8D125-CA40-447B-BA05-9C4D39CAEF19}
		{EE551B52-A2F7-41B2-98B7-1BF50703A76B} = {7CA8D125-CA40-447B-BA05-9C4D39CAEF19}
		{8E37402C-B738-4BA4-A6B3-FA1F31BEF3E8} = {7CA8D125-CA40-447B-BA05-9C4D39CAEF19}
		{8FAEFF6A-57E9-4B97-8466-83A48D7E63DD} = {7CA8D125-CA40-447B-BA05-9C4D39CAEF19}
		{16B7BE06-DE84-49D6-AA36-55265DCE6284} = {7D4C3D21-94FA-4ACF-A762-0AE2DCDC1F7A}
		{96E3BE10-3346-4EFE-BC85-F1F05F30C7BC} = {16B7BE06-DE84-49D6-AA36-55265DCE6284}
		{372473AC-F31E-4CF3-A54D-84AEE873A24C} = {16B7BE06-DE84-49D6-AA36-55265DCE6284}
		{04AF88FD-E018-4CD3-B3F3-00B2ED9B46DF} = {16B7BE06-DE84-49D6-AA36-55265DCE6284}
		{2C59D780-1663-4A62-A42F-B4B87C2AD554} = {16B7BE06-DE84-49D6-AA36-55265DCE6284}
		{702865C3-A0A9-4869-9520-3B4543D5EED9} = {7D4C3D21-94FA-4ACF-A762-0AE2DCDC1F7A}
		{B5ACA7BB-CFD4-4669-966E-90740C9FD688} = {702865C3-A0A9-4869-9520-3B4543D5EED9}
		{1DF95614-D3F4-439E-8D99-97728EA12EED} = {702865C3-A0A9-4869-9520-3B4543D5EED9}
		{20FD2164-C7A8-450E-B66F-11CA83E246E5} = {702865C3-A0A9-4869-9520-3B4543D5EED9}
		{193F2C64-170A-4382-ABE6-B11B2BC30309} = {702865C3-A0A9-4869-9520-3B4543D5EED9}
		{6021AD2F-4D00-401E-A136-F08B082CA616} = {7D4C3D21-94FA-4ACF-A762-0AE2DCDC1F7A}
		{75029279-F676-4E4B-A17A-69A0E8D9CA74} = {6021AD2F-4D00-401E-A136-F08B082CA616}
		{96D9DDBA-90EA-46A3-B2A8-119516623DE4} = {6021AD2F-4D00-401E-A136-F08B082CA616}
		{05568979-F394-48CD-B03E-B3C1F256DCD6} = {6021AD2F-4D00-401E-A136-F08B082CA616}
		{263C6E55-34E0-4855-B796-E09E4CCF2894} = {6021AD2F-4D00-401E-A136-F08B082CA616}
		{F836B630-1ED4-4FB9-8D65-C831EE74D840} = {7D4C3D21-94FA-4ACF-A762-0AE2DCDC1F7A}
		{8B74BF1C-42CD-4EF7-AD6B-CE586C319047} = {F836B630-1ED4-4FB9-8D65-C831EE74D840}
		{E743C8E7-4230-4EB5-A1C8-0DFB615BEF28} = {F836B630-1ED4-4FB9-8D65-C831EE74D840}
		{EB209266-EC7D-4ECC-95A2-5F7BB0E9B82F} = {F836B630-1ED4-4FB9-8D65-C831EE74D840}
		{8EF39020-4166-4B54-870A-F6104303D714} = {F836B630-1ED4-4FB9-8D65-C831EE74D840}
		{3D95DB8E-26D6-4C11-989E-6B9454C1C287} = {7D4C3D21-94FA-4ACF-A762-0AE2DCDC1F7A}
		{567B4F5C-1CE1-4AAB-B2DA-9B711A61368C} = {3D95DB8E-26D6-4C11-989E-6B9454C1C287}
		{E15223A4-DE10-4060-A527-CE681A02D868} = {3D95DB8E-26D6-4C11-989E-6B9454C1C287}
		{B9E61F0B-AA8D-4D01-91BF-E2BE58DDD89D} = {3D95DB8E-26D6-4C11-989E-6B9454C1C287}
		{BE25C292-1CF4-438C-9621-ACAA0F720185} = {3D95DB8E-26D6-4C11-989E-6B9454C1C287}
		{3DEEBCEE-CFDB-4CBF-AD26-946605BDDAFF} = {D9527158-7A0C-40B3-8A47-93C815FF4E40}
	EndGlobalSection
EndGlobal
